// !$*UTF8*$!
{
	archiveVersion = 1;
	classes = {
	};
	objectVersion = 48;
	objects = {

/* Begin PBXBuildFile section */
		21E4616C0EC1E1DF1CB3A6A5 /* Pods_MovieBrowser.framework in Frameworks */ = {isa = PBXBuildFile; fileRef = C9DA18F946D1783C80965257 /* Pods_MovieBrowser.framework */; };
		4728FE5E2031E0FD00A08C69 /* AppDelegate.swift in Sources */ = {isa = PBXBuildFile; fileRef = 4728FE5D2031E0FD00A08C69 /* AppDelegate.swift */; };
		4728FE632031E0FD00A08C69 /* Main.storyboard in Resources */ = {isa = PBXBuildFile; fileRef = 4728FE612031E0FD00A08C69 /* Main.storyboard */; };
		4728FE652031E0FD00A08C69 /* Assets.xcassets in Resources */ = {isa = PBXBuildFile; fileRef = 4728FE642031E0FD00A08C69 /* Assets.xcassets */; };
		4728FE682031E0FD00A08C69 /* LaunchScreen.storyboard in Resources */ = {isa = PBXBuildFile; fileRef = 4728FE662031E0FD00A08C69 /* LaunchScreen.storyboard */; };
		4728FE772031F46500A08C69 /* LICENSE in Resources */ = {isa = PBXBuildFile; fileRef = 4728FE752031F46400A08C69 /* LICENSE */; };
		4728FE782031F46500A08C69 /* README.md in Resources */ = {isa = PBXBuildFile; fileRef = 4728FE762031F46400A08C69 /* README.md */; };
		476298332032DF8600BD8621 /* Movie.swift in Sources */ = {isa = PBXBuildFile; fileRef = 476298322032DF8600BD8621 /* Movie.swift */; };
		476298352032E50D00BD8621 /* Movie_Result.swift in Sources */ = {isa = PBXBuildFile; fileRef = 476298342032E50D00BD8621 /* Movie_Result.swift */; };
		4762984B2032EA2800BD8621 /* fa-brands-400.ttf in Resources */ = {isa = PBXBuildFile; fileRef = 476298472032EA2800BD8621 /* fa-brands-400.ttf */; };
		4762984C2032EA2800BD8621 /* fa-regular-400.ttf in Resources */ = {isa = PBXBuildFile; fileRef = 476298482032EA2800BD8621 /* fa-regular-400.ttf */; };
		4762984D2032EA2800BD8621 /* fa-solid-900.ttf in Resources */ = {isa = PBXBuildFile; fileRef = 476298492032EA2800BD8621 /* fa-solid-900.ttf */; };
		4762984E2032EA2800BD8621 /* fontawesome-webfont.ttf in Resources */ = {isa = PBXBuildFile; fileRef = 4762984A2032EA2800BD8621 /* fontawesome-webfont.ttf */; };
		476298502032F03100BD8621 /* MovieServiceInteractor.swift in Sources */ = {isa = PBXBuildFile; fileRef = 4762984F2032F03100BD8621 /* MovieServiceInteractor.swift */; };
		47AF43FD2034101E0071464D /* MovieGridViewCell.swift in Sources */ = {isa = PBXBuildFile; fileRef = 47AF43FC2034101D0071464D /* MovieGridViewCell.swift */; };
		47AF43FF203410460071464D /* MovieViewCell.swift in Sources */ = {isa = PBXBuildFile; fileRef = 47AF43FE203410460071464D /* MovieViewCell.swift */; };
		47AF440220341C600071464D /* Constants.swift in Sources */ = {isa = PBXBuildFile; fileRef = 47AF440120341C600071464D /* Constants.swift */; };
		47AF440520342A7E0071464D /* MovieViewController.swift in Sources */ = {isa = PBXBuildFile; fileRef = 47AF440420342A7E0071464D /* MovieViewController.swift */; };
		47AF440820342D6C0071464D /* LoadingViewCell.swift in Sources */ = {isa = PBXBuildFile; fileRef = 47AF440720342D6C0071464D /* LoadingViewCell.swift */; };
		47AF440B203483020071464D /* MovieSearchViewController.swift in Sources */ = {isa = PBXBuildFile; fileRef = 47AF440A203483020071464D /* MovieSearchViewController.swift */; };
		47AF440D2034831E0071464D /* MovieDetailViewController.swift in Sources */ = {isa = PBXBuildFile; fileRef = 47AF440C2034831E0071464D /* MovieDetailViewController.swift */; };
		47AF440F20348C9E0071464D /* MovieDetailViewCell.swift in Sources */ = {isa = PBXBuildFile; fileRef = 47AF440E20348C9E0071464D /* MovieDetailViewCell.swift */; };
		47AF4411203589E20071464D /* MovieFilterViewController.swift in Sources */ = {isa = PBXBuildFile; fileRef = 47AF4410203589E20071464D /* MovieFilterViewController.swift */; };
		47AF441320359A290071464D /* MovieDiscoverServiceInteractor.swift in Sources */ = {isa = PBXBuildFile; fileRef = 47AF441220359A290071464D /* MovieDiscoverServiceInteractor.swift */; };
		47AF44182035D89F0071464D /* FilterViewCell.swift in Sources */ = {isa = PBXBuildFile; fileRef = 47AF44172035D89F0071464D /* FilterViewCell.swift */; };
/* End PBXBuildFile section */

/* Begin PBXFileReference section */
		365436B59A1F87FCA3FBED94 /* Pods-MovieBrowser.uat.xcconfig */ = {isa = PBXFileReference; includeInIndex = 1; lastKnownFileType = text.xcconfig; name = "Pods-MovieBrowser.uat.xcconfig"; path = "Pods/Target Support Files/Pods-MovieBrowser/Pods-MovieBrowser.uat.xcconfig"; sourceTree = "<group>"; };
		431E3D179EE1435F23158C2A /* Pods-MovieBrowser.release.xcconfig */ = {isa = PBXFileReference; includeInIndex = 1; lastKnownFileType = text.xcconfig; name = "Pods-MovieBrowser.release.xcconfig"; path = "Pods/Target Support Files/Pods-MovieBrowser/Pods-MovieBrowser.release.xcconfig"; sourceTree = "<group>"; };
		4728FE5A2031E0FD00A08C69 /* MovieBrowser.app */ = {isa = PBXFileReference; explicitFileType = wrapper.application; includeInIndex = 0; path = MovieBrowser.app; sourceTree = BUILT_PRODUCTS_DIR; };
		4728FE5D2031E0FD00A08C69 /* AppDelegate.swift */ = {isa = PBXFileReference; lastKnownFileType = sourcecode.swift; path = AppDelegate.swift; sourceTree = "<group>"; };
		4728FE622031E0FD00A08C69 /* Base */ = {isa = PBXFileReference; lastKnownFileType = file.storyboard; name = Base; path = Base.lproj/Main.storyboard; sourceTree = "<group>"; };
		4728FE642031E0FD00A08C69 /* Assets.xcassets */ = {isa = PBXFileReference; lastKnownFileType = folder.assetcatalog; path = Assets.xcassets; sourceTree = "<group>"; };
		4728FE672031E0FD00A08C69 /* Base */ = {isa = PBXFileReference; lastKnownFileType = file.storyboard; name = Base; path = Base.lproj/LaunchScreen.storyboard; sourceTree = "<group>"; };
		4728FE692031E0FD00A08C69 /* Info.plist */ = {isa = PBXFileReference; lastKnownFileType = text.plist.xml; path = Info.plist; sourceTree = "<group>"; };
		4728FE752031F46400A08C69 /* LICENSE */ = {isa = PBXFileReference; fileEncoding = 4; lastKnownFileType = text; path = LICENSE; sourceTree = SOURCE_ROOT; };
		4728FE762031F46400A08C69 /* README.md */ = {isa = PBXFileReference; fileEncoding = 4; lastKnownFileType = net.daringfireball.markdown; path = README.md; sourceTree = SOURCE_ROOT; };
		476298322032DF8600BD8621 /* Movie.swift */ = {isa = PBXFileReference; lastKnownFileType = sourcecode.swift; path = Movie.swift; sourceTree = "<group>"; };
		476298342032E50D00BD8621 /* Movie_Result.swift */ = {isa = PBXFileReference; lastKnownFileType = sourcecode.swift; path = Movie_Result.swift; sourceTree = "<group>"; };
		476298472032EA2800BD8621 /* fa-brands-400.ttf */ = {isa = PBXFileReference; lastKnownFileType = file; path = "fa-brands-400.ttf"; sourceTree = "<group>"; };
		476298482032EA2800BD8621 /* fa-regular-400.ttf */ = {isa = PBXFileReference; lastKnownFileType = file; path = "fa-regular-400.ttf"; sourceTree = "<group>"; };
		476298492032EA2800BD8621 /* fa-solid-900.ttf */ = {isa = PBXFileReference; lastKnownFileType = file; path = "fa-solid-900.ttf"; sourceTree = "<group>"; };
		4762984A2032EA2800BD8621 /* fontawesome-webfont.ttf */ = {isa = PBXFileReference; lastKnownFileType = file; path = "fontawesome-webfont.ttf"; sourceTree = "<group>"; };
		4762984F2032F03100BD8621 /* MovieServiceInteractor.swift */ = {isa = PBXFileReference; lastKnownFileType = sourcecode.swift; path = MovieServiceInteractor.swift; sourceTree = "<group>"; };
		47AF43FC2034101D0071464D /* MovieGridViewCell.swift */ = {isa = PBXFileReference; lastKnownFileType = sourcecode.swift; path = MovieGridViewCell.swift; sourceTree = "<group>"; };
		47AF43FE203410460071464D /* MovieViewCell.swift */ = {isa = PBXFileReference; lastKnownFileType = sourcecode.swift; path = MovieViewCell.swift; sourceTree = "<group>"; };
		47AF440120341C600071464D /* Constants.swift */ = {isa = PBXFileReference; lastKnownFileType = sourcecode.swift; path = Constants.swift; sourceTree = "<group>"; };
		47AF440420342A7E0071464D /* MovieViewController.swift */ = {isa = PBXFileReference; lastKnownFileType = sourcecode.swift; path = MovieViewController.swift; sourceTree = "<group>"; };
		47AF440720342D6C0071464D /* LoadingViewCell.swift */ = {isa = PBXFileReference; lastKnownFileType = sourcecode.swift; path = LoadingViewCell.swift; sourceTree = "<group>"; };
		47AF440A203483020071464D /* MovieSearchViewController.swift */ = {isa = PBXFileReference; lastKnownFileType = sourcecode.swift; path = MovieSearchViewController.swift; sourceTree = "<group>"; };
		47AF440C2034831E0071464D /* MovieDetailViewController.swift */ = {isa = PBXFileReference; lastKnownFileType = sourcecode.swift; path = MovieDetailViewController.swift; sourceTree = "<group>"; };
		47AF440E20348C9E0071464D /* MovieDetailViewCell.swift */ = {isa = PBXFileReference; lastKnownFileType = sourcecode.swift; path = MovieDetailViewCell.swift; sourceTree = "<group>"; };
		47AF4410203589E20071464D /* MovieFilterViewController.swift */ = {isa = PBXFileReference; lastKnownFileType = sourcecode.swift; path = MovieFilterViewController.swift; sourceTree = "<group>"; };
		47AF441220359A290071464D /* MovieDiscoverServiceInteractor.swift */ = {isa = PBXFileReference; lastKnownFileType = sourcecode.swift; path = MovieDiscoverServiceInteractor.swift; sourceTree = "<group>"; };
		47AF44172035D89F0071464D /* FilterViewCell.swift */ = {isa = PBXFileReference; lastKnownFileType = sourcecode.swift; path = FilterViewCell.swift; sourceTree = "<group>"; };
		AECEFA18832B30DF8F6E2930 /* Pods-MovieBrowser.debug.xcconfig */ = {isa = PBXFileReference; includeInIndex = 1; lastKnownFileType = text.xcconfig; name = "Pods-MovieBrowser.debug.xcconfig"; path = "Pods/Target Support Files/Pods-MovieBrowser/Pods-MovieBrowser.debug.xcconfig"; sourceTree = "<group>"; };
		C9DA18F946D1783C80965257 /* Pods_MovieBrowser.framework */ = {isa = PBXFileReference; explicitFileType = wrapper.framework; includeInIndex = 0; path = Pods_MovieBrowser.framework; sourceTree = BUILT_PRODUCTS_DIR; };
		DB366C33CCD3B2033BB69480 /* Pods-MovieBrowser.dev.xcconfig */ = {isa = PBXFileReference; includeInIndex = 1; lastKnownFileType = text.xcconfig; name = "Pods-MovieBrowser.dev.xcconfig"; path = "Pods/Target Support Files/Pods-MovieBrowser/Pods-MovieBrowser.dev.xcconfig"; sourceTree = "<group>"; };
/* End PBXFileReference section */

/* Begin PBXFrameworksBuildPhase section */
		4728FE572031E0FD00A08C69 /* Frameworks */ = {
			isa = PBXFrameworksBuildPhase;
			buildActionMask = 2147483647;
			files = (
				21E4616C0EC1E1DF1CB3A6A5 /* Pods_MovieBrowser.framework in Frameworks */,
			);
			runOnlyForDeploymentPostprocessing = 0;
		};
/* End PBXFrameworksBuildPhase section */

/* Begin PBXGroup section */
		34C99E3470A2B08C8A5E3005 /* Pods */ = {
			isa = PBXGroup;
			children = (
				AECEFA18832B30DF8F6E2930 /* Pods-MovieBrowser.debug.xcconfig */,
				431E3D179EE1435F23158C2A /* Pods-MovieBrowser.release.xcconfig */,
				365436B59A1F87FCA3FBED94 /* Pods-MovieBrowser.uat.xcconfig */,
				DB366C33CCD3B2033BB69480 /* Pods-MovieBrowser.dev.xcconfig */,
			);
			name = Pods;
			sourceTree = "<group>";
		};
		4728FE512031E0FC00A08C69 = {
			isa = PBXGroup;
			children = (
				4728FE5C2031E0FD00A08C69 /* MovieBrowser */,
				4728FE5B2031E0FD00A08C69 /* Products */,
				34C99E3470A2B08C8A5E3005 /* Pods */,
				ED09277E886A475F0E939882 /* Frameworks */,
			);
			sourceTree = "<group>";
		};
		4728FE5B2031E0FD00A08C69 /* Products */ = {
			isa = PBXGroup;
			children = (
				4728FE5A2031E0FD00A08C69 /* MovieBrowser.app */,
			);
			name = Products;
			sourceTree = "<group>";
		};
		4728FE5C2031E0FD00A08C69 /* MovieBrowser */ = {
			isa = PBXGroup;
			children = (
				47AF440320342A660071464D /* Controller */,
				47AF4400203418640071464D /* Helper */,
				476298462032EA2800BD8621 /* Fonts */,
				476298362032E92A00BD8621 /* ServiceInteractor */,
				476298302032D86400BD8621 /* Models */,
				4762982E2032D62300BD8621 /* Cells */,
				4728FE752031F46400A08C69 /* LICENSE */,
				4728FE762031F46400A08C69 /* README.md */,
				4728FE5D2031E0FD00A08C69 /* AppDelegate.swift */,
				4728FE612031E0FD00A08C69 /* Main.storyboard */,
				4728FE642031E0FD00A08C69 /* Assets.xcassets */,
				4728FE662031E0FD00A08C69 /* LaunchScreen.storyboard */,
				4728FE692031E0FD00A08C69 /* Info.plist */,
			);
			path = MovieBrowser;
			sourceTree = "<group>";
		};
		4762982E2032D62300BD8621 /* Cells */ = {
			isa = PBXGroup;
			children = (
				47AF44142035B4FF0071464D /* Filter */,
				47AF440620342D4E0071464D /* LoadingCell */,
				4762982F2032D63800BD8621 /* MovieCell */,
			);
			path = Cells;
			sourceTree = "<group>";
		};
		4762982F2032D63800BD8621 /* MovieCell */ = {
			isa = PBXGroup;
			children = (
				47AF43FC2034101D0071464D /* MovieGridViewCell.swift */,
				47AF43FE203410460071464D /* MovieViewCell.swift */,
				47AF440E20348C9E0071464D /* MovieDetailViewCell.swift */,
			);
			path = MovieCell;
			sourceTree = "<group>";
		};
		476298302032D86400BD8621 /* Models */ = {
			isa = PBXGroup;
			children = (
				476298312032D88400BD8621 /* Movie */,
			);
			path = Models;
			sourceTree = "<group>";
		};
		476298312032D88400BD8621 /* Movie */ = {
			isa = PBXGroup;
			children = (
				476298322032DF8600BD8621 /* Movie.swift */,
				476298342032E50D00BD8621 /* Movie_Result.swift */,
			);
			path = Movie;
			sourceTree = "<group>";
		};
		476298362032E92A00BD8621 /* ServiceInteractor */ = {
			isa = PBXGroup;
			children = (
				4762983C2032E9AF00BD8621 /* Movie */,
			);
			path = ServiceInteractor;
			sourceTree = "<group>";
		};
		4762983C2032E9AF00BD8621 /* Movie */ = {
			isa = PBXGroup;
			children = (
				4762984F2032F03100BD8621 /* MovieServiceInteractor.swift */,
				47AF441220359A290071464D /* MovieDiscoverServiceInteractor.swift */,
			);
			path = Movie;
			sourceTree = "<group>";
		};
		476298462032EA2800BD8621 /* Fonts */ = {
			isa = PBXGroup;
			children = (
				476298472032EA2800BD8621 /* fa-brands-400.ttf */,
				476298482032EA2800BD8621 /* fa-regular-400.ttf */,
				476298492032EA2800BD8621 /* fa-solid-900.ttf */,
				4762984A2032EA2800BD8621 /* fontawesome-webfont.ttf */,
			);
			path = Fonts;
			sourceTree = "<group>";
		};
		47AF4400203418640071464D /* Helper */ = {
			isa = PBXGroup;
			children = (
				47AF440120341C600071464D /* Constants.swift */,
			);
			path = Helper;
			sourceTree = "<group>";
		};
		47AF440320342A660071464D /* Controller */ = {
			isa = PBXGroup;
			children = (
				47AF4409203476320071464D /* Movie */,
			);
			path = Controller;
			sourceTree = "<group>";
		};
		47AF440620342D4E0071464D /* LoadingCell */ = {
			isa = PBXGroup;
			children = (
				47AF440720342D6C0071464D /* LoadingViewCell.swift */,
			);
			path = LoadingCell;
			sourceTree = "<group>";
		};
		47AF4409203476320071464D /* Movie */ = {
			isa = PBXGroup;
			children = (
				47AF440420342A7E0071464D /* MovieViewController.swift */,
				47AF440C2034831E0071464D /* MovieDetailViewController.swift */,
				47AF440A203483020071464D /* MovieSearchViewController.swift */,
				47AF4410203589E20071464D /* MovieFilterViewController.swift */,
			);
			path = Movie;
			sourceTree = "<group>";
		};
		47AF44142035B4FF0071464D /* Filter */ = {
			isa = PBXGroup;
			children = (
				47AF44172035D89F0071464D /* FilterViewCell.swift */,
			);
			path = Filter;
			sourceTree = "<group>";
		};
		ED09277E886A475F0E939882 /* Frameworks */ = {
			isa = PBXGroup;
			children = (
				C9DA18F946D1783C80965257 /* Pods_MovieBrowser.framework */,
			);
			name = Frameworks;
			sourceTree = "<group>";
		};
/* End PBXGroup section */

/* Begin PBXNativeTarget section */
		4728FE592031E0FD00A08C69 /* MovieBrowser */ = {
			isa = PBXNativeTarget;
			buildConfigurationList = 4728FE6C2031E0FD00A08C69 /* Build configuration list for PBXNativeTarget "MovieBrowser" */;
			buildPhases = (
				957832DCF5090962410BD3DE /* [CP] Check Pods Manifest.lock */,
				4728FE562031E0FD00A08C69 /* Sources */,
				4728FE572031E0FD00A08C69 /* Frameworks */,
				4728FE582031E0FD00A08C69 /* Resources */,
				F7B4FE0728BF09B7B3A42EB2 /* [CP] Embed Pods Frameworks */,
				9F1969C33E60A047EB736F82 /* [CP] Copy Pods Resources */,
			);
			buildRules = (
			);
			dependencies = (
			);
			name = MovieBrowser;
			productName = MovieBrowser;
			productReference = 4728FE5A2031E0FD00A08C69 /* MovieBrowser.app */;
			productType = "com.apple.product-type.application";
		};
/* End PBXNativeTarget section */

/* Begin PBXProject section */
		4728FE522031E0FC00A08C69 /* Project object */ = {
			isa = PBXProject;
			attributes = {
				LastSwiftUpdateCheck = 0920;
				LastUpgradeCheck = 0920;
				ORGANIZATIONNAME = "Jeet Gandhi";
				TargetAttributes = {
					4728FE592031E0FD00A08C69 = {
						CreatedOnToolsVersion = 9.2;
						ProvisioningStyle = Automatic;
					};
				};
			};
			buildConfigurationList = 4728FE552031E0FC00A08C69 /* Build configuration list for PBXProject "MovieBrowser" */;
			compatibilityVersion = "Xcode 8.0";
			developmentRegion = en;
			hasScannedForEncodings = 0;
			knownRegions = (
				en,
				Base,
			);
			mainGroup = 4728FE512031E0FC00A08C69;
			productRefGroup = 4728FE5B2031E0FD00A08C69 /* Products */;
			projectDirPath = "";
			projectRoot = "";
			targets = (
				4728FE592031E0FD00A08C69 /* MovieBrowser */,
			);
		};
/* End PBXProject section */

/* Begin PBXResourcesBuildPhase section */
		4728FE582031E0FD00A08C69 /* Resources */ = {
			isa = PBXResourcesBuildPhase;
			buildActionMask = 2147483647;
			files = (
				4728FE682031E0FD00A08C69 /* LaunchScreen.storyboard in Resources */,
				4762984D2032EA2800BD8621 /* fa-solid-900.ttf in Resources */,
				4728FE652031E0FD00A08C69 /* Assets.xcassets in Resources */,
				4762984E2032EA2800BD8621 /* fontawesome-webfont.ttf in Resources */,
				4728FE782031F46500A08C69 /* README.md in Resources */,
				4762984C2032EA2800BD8621 /* fa-regular-400.ttf in Resources */,
				4728FE772031F46500A08C69 /* LICENSE in Resources */,
				4762984B2032EA2800BD8621 /* fa-brands-400.ttf in Resources */,
				4728FE632031E0FD00A08C69 /* Main.storyboard in Resources */,
			);
			runOnlyForDeploymentPostprocessing = 0;
		};
/* End PBXResourcesBuildPhase section */

/* Begin PBXShellScriptBuildPhase section */
		957832DCF5090962410BD3DE /* [CP] Check Pods Manifest.lock */ = {
			isa = PBXShellScriptBuildPhase;
			buildActionMask = 2147483647;
			files = (
			);
			inputPaths = (
				"${PODS_PODFILE_DIR_PATH}/Podfile.lock",
				"${PODS_ROOT}/Manifest.lock",
			);
			name = "[CP] Check Pods Manifest.lock";
			outputPaths = (
				"$(DERIVED_FILE_DIR)/Pods-MovieBrowser-checkManifestLockResult.txt",
			);
			runOnlyForDeploymentPostprocessing = 0;
			shellPath = /bin/sh;
			shellScript = "diff \"${PODS_PODFILE_DIR_PATH}/Podfile.lock\" \"${PODS_ROOT}/Manifest.lock\" > /dev/null\nif [ $? != 0 ] ; then\n    # print error to STDERR\n    echo \"error: The sandbox is not in sync with the Podfile.lock. Run 'pod install' or update your CocoaPods installation.\" >&2\n    exit 1\nfi\n# This output is used by Xcode 'outputs' to avoid re-running this script phase.\necho \"SUCCESS\" > \"${SCRIPT_OUTPUT_FILE_0}\"\n";
			showEnvVarsInLog = 0;
		};
		9F1969C33E60A047EB736F82 /* [CP] Copy Pods Resources */ = {
			isa = PBXShellScriptBuildPhase;
			buildActionMask = 2147483647;
			files = (
			);
			inputPaths = (
			);
			name = "[CP] Copy Pods Resources";
			outputPaths = (
			);
			runOnlyForDeploymentPostprocessing = 0;
			shellPath = /bin/sh;
			shellScript = "\"${SRCROOT}/Pods/Target Support Files/Pods-MovieBrowser/Pods-MovieBrowser-resources.sh\"\n";
			showEnvVarsInLog = 0;
		};
		F7B4FE0728BF09B7B3A42EB2 /* [CP] Embed Pods Frameworks */ = {
			isa = PBXShellScriptBuildPhase;
			buildActionMask = 2147483647;
			files = (
			);
			inputPaths = (
				"${SRCROOT}/Pods/Target Support Files/Pods-MovieBrowser/Pods-MovieBrowser-frameworks.sh",
				"${BUILT_PRODUCTS_DIR}/Alamofire/Alamofire.framework",
				"${BUILT_PRODUCTS_DIR}/AlamofireImage/AlamofireImage.framework",
				"${BUILT_PRODUCTS_DIR}/AlamofireObjectMapper/AlamofireObjectMapper.framework",
				"${BUILT_PRODUCTS_DIR}/CRNotifications/CRNotifications.framework",
				"${BUILT_PRODUCTS_DIR}/Hero/Hero.framework",
				"${BUILT_PRODUCTS_DIR}/IQKeyboardManagerSwift/IQKeyboardManagerSwift.framework",
				"${BUILT_PRODUCTS_DIR}/Moya/Moya.framework",
				"${BUILT_PRODUCTS_DIR}/ObjectMapper/ObjectMapper.framework",
				"${BUILT_PRODUCTS_DIR}/Result/Result.framework",
				"${BUILT_PRODUCTS_DIR}/SCLAlertView/SCLAlertView.framework",
				"${BUILT_PRODUCTS_DIR}/SDWebImage/SDWebImage.framework",
			);
			name = "[CP] Embed Pods Frameworks";
			outputPaths = (
				"${TARGET_BUILD_DIR}/${FRAMEWORKS_FOLDER_PATH}/Alamofire.framework",
				"${TARGET_BUILD_DIR}/${FRAMEWORKS_FOLDER_PATH}/AlamofireImage.framework",
				"${TARGET_BUILD_DIR}/${FRAMEWORKS_FOLDER_PATH}/AlamofireObjectMapper.framework",
				"${TARGET_BUILD_DIR}/${FRAMEWORKS_FOLDER_PATH}/CRNotifications.framework",
				"${TARGET_BUILD_DIR}/${FRAMEWORKS_FOLDER_PATH}/Hero.framework",
				"${TARGET_BUILD_DIR}/${FRAMEWORKS_FOLDER_PATH}/IQKeyboardManagerSwift.framework",
				"${TARGET_BUILD_DIR}/${FRAMEWORKS_FOLDER_PATH}/Moya.framework",
				"${TARGET_BUILD_DIR}/${FRAMEWORKS_FOLDER_PATH}/ObjectMapper.framework",
				"${TARGET_BUILD_DIR}/${FRAMEWORKS_FOLDER_PATH}/Result.framework",
				"${TARGET_BUILD_DIR}/${FRAMEWORKS_FOLDER_PATH}/SCLAlertView.framework",
				"${TARGET_BUILD_DIR}/${FRAMEWORKS_FOLDER_PATH}/SDWebImage.framework",
			);
			runOnlyForDeploymentPostprocessing = 0;
			shellPath = /bin/sh;
			shellScript = "\"${SRCROOT}/Pods/Target Support Files/Pods-MovieBrowser/Pods-MovieBrowser-frameworks.sh\"\n";
			showEnvVarsInLog = 0;
		};
/* End PBXShellScriptBuildPhase section */

/* Begin PBXSourcesBuildPhase section */
		4728FE562031E0FD00A08C69 /* Sources */ = {
			isa = PBXSourcesBuildPhase;
			buildActionMask = 2147483647;
			files = (
				47AF43FD2034101E0071464D /* MovieGridViewCell.swift in Sources */,
				4728FE5E2031E0FD00A08C69 /* AppDelegate.swift in Sources */,
				476298332032DF8600BD8621 /* Movie.swift in Sources */,
				47AF440B203483020071464D /* MovieSearchViewController.swift in Sources */,
				476298352032E50D00BD8621 /* Movie_Result.swift in Sources */,
				47AF4411203589E20071464D /* MovieFilterViewController.swift in Sources */,
				47AF440520342A7E0071464D /* MovieViewController.swift in Sources */,
				47AF440F20348C9E0071464D /* MovieDetailViewCell.swift in Sources */,
				476298502032F03100BD8621 /* MovieServiceInteractor.swift in Sources */,
				47AF44182035D89F0071464D /* FilterViewCell.swift in Sources */,
				47AF440820342D6C0071464D /* LoadingViewCell.swift in Sources */,
				47AF441320359A290071464D /* MovieDiscoverServiceInteractor.swift in Sources */,
				47AF43FF203410460071464D /* MovieViewCell.swift in Sources */,
				47AF440D2034831E0071464D /* MovieDetailViewController.swift in Sources */,
				47AF440220341C600071464D /* Constants.swift in Sources */,
			);
			runOnlyForDeploymentPostprocessing = 0;
		};
/* End PBXSourcesBuildPhase section */

/* Begin PBXVariantGroup section */
		4728FE612031E0FD00A08C69 /* Main.storyboard */ = {
			isa = PBXVariantGroup;
			children = (
				4728FE622031E0FD00A08C69 /* Base */,
			);
			name = Main.storyboard;
			sourceTree = "<group>";
		};
		4728FE662031E0FD00A08C69 /* LaunchScreen.storyboard */ = {
			isa = PBXVariantGroup;
			children = (
				4728FE672031E0FD00A08C69 /* Base */,
			);
			name = LaunchScreen.storyboard;
			sourceTree = "<group>";
		};
/* End PBXVariantGroup section */

/* Begin XCBuildConfiguration section */
		4728FE6A2031E0FD00A08C69 /* Debug */ = {
			isa = XCBuildConfiguration;
			buildSettings = {
				ALWAYS_SEARCH_USER_PATHS = NO;
				CLANG_ANALYZER_NONNULL = YES;
				CLANG_ANALYZER_NUMBER_OBJECT_CONVERSION = YES_AGGRESSIVE;
				CLANG_CXX_LANGUAGE_STANDARD = "gnu++14";
				CLANG_CXX_LIBRARY = "libc++";
				CLANG_ENABLE_MODULES = YES;
				CLANG_ENABLE_OBJC_ARC = YES;
				CLANG_WARN_BLOCK_CAPTURE_AUTORELEASING = YES;
				CLANG_WARN_BOOL_CONVERSION = YES;
				CLANG_WARN_COMMA = YES;
				CLANG_WARN_CONSTANT_CONVERSION = YES;
				CLANG_WARN_DIRECT_OBJC_ISA_USAGE = YES_ERROR;
				CLANG_WARN_DOCUMENTATION_COMMENTS = YES;
				CLANG_WARN_EMPTY_BODY = YES;
				CLANG_WARN_ENUM_CONVERSION = YES;
				CLANG_WARN_INFINITE_RECURSION = YES;
				CLANG_WARN_INT_CONVERSION = YES;
				CLANG_WARN_NON_LITERAL_NULL_CONVERSION = YES;
				CLANG_WARN_OBJC_LITERAL_CONVERSION = YES;
				CLANG_WARN_OBJC_ROOT_CLASS = YES_ERROR;
				CLANG_WARN_RANGE_LOOP_ANALYSIS = YES;
				CLANG_WARN_STRICT_PROTOTYPES = YES;
				CLANG_WARN_SUSPICIOUS_MOVE = YES;
				CLANG_WARN_UNGUARDED_AVAILABILITY = YES_AGGRESSIVE;
				CLANG_WARN_UNREACHABLE_CODE = YES;
				CLANG_WARN__DUPLICATE_METHOD_MATCH = YES;
				CODE_SIGN_IDENTITY = "iPhone Developer";
				COPY_PHASE_STRIP = NO;
				DEBUG_INFORMATION_FORMAT = dwarf;
				ENABLE_STRICT_OBJC_MSGSEND = YES;
				ENABLE_TESTABILITY = YES;
				GCC_C_LANGUAGE_STANDARD = gnu11;
				GCC_DYNAMIC_NO_PIC = NO;
				GCC_NO_COMMON_BLOCKS = YES;
				GCC_OPTIMIZATION_LEVEL = 0;
				GCC_PREPROCESSOR_DEFINITIONS = (
					"DEBUG=1",
					"$(inherited)",
				);
				GCC_WARN_64_TO_32_BIT_CONVERSION = YES;
				GCC_WARN_ABOUT_RETURN_TYPE = YES_ERROR;
				GCC_WARN_UNDECLARED_SELECTOR = YES;
				GCC_WARN_UNINITIALIZED_AUTOS = YES_AGGRESSIVE;
				GCC_WARN_UNUSED_FUNCTION = YES;
				GCC_WARN_UNUSED_VARIABLE = YES;
				IPHONEOS_DEPLOYMENT_TARGET = 11.2;
				MTL_ENABLE_DEBUG_INFO = YES;
				ONLY_ACTIVE_ARCH = YES;
				SDKROOT = iphoneos;
				SWIFT_ACTIVE_COMPILATION_CONDITIONS = DEBUG;
				SWIFT_OPTIMIZATION_LEVEL = "-Onone";
			};
			name = Debug;
		};
		4728FE6B2031E0FD00A08C69 /* Release */ = {
			isa = XCBuildConfiguration;
			buildSettings = {
				ALWAYS_SEARCH_USER_PATHS = NO;
				CLANG_ANALYZER_NONNULL = YES;
				CLANG_ANALYZER_NUMBER_OBJECT_CONVERSION = YES_AGGRESSIVE;
				CLANG_CXX_LANGUAGE_STANDARD = "gnu++14";
				CLANG_CXX_LIBRARY = "libc++";
				CLANG_ENABLE_MODULES = YES;
				CLANG_ENABLE_OBJC_ARC = YES;
				CLANG_WARN_BLOCK_CAPTURE_AUTORELEASING = YES;
				CLANG_WARN_BOOL_CONVERSION = YES;
				CLANG_WARN_COMMA = YES;
				CLANG_WARN_CONSTANT_CONVERSION = YES;
				CLANG_WARN_DIRECT_OBJC_ISA_USAGE = YES_ERROR;
				CLANG_WARN_DOCUMENTATION_COMMENTS = YES;
				CLANG_WARN_EMPTY_BODY = YES;
				CLANG_WARN_ENUM_CONVERSION = YES;
				CLANG_WARN_INFINITE_RECURSION = YES;
				CLANG_WARN_INT_CONVERSION = YES;
				CLANG_WARN_NON_LITERAL_NULL_CONVERSION = YES;
				CLANG_WARN_OBJC_LITERAL_CONVERSION = YES;
				CLANG_WARN_OBJC_ROOT_CLASS = YES_ERROR;
				CLANG_WARN_RANGE_LOOP_ANALYSIS = YES;
				CLANG_WARN_STRICT_PROTOTYPES = YES;
				CLANG_WARN_SUSPICIOUS_MOVE = YES;
				CLANG_WARN_UNGUARDED_AVAILABILITY = YES_AGGRESSIVE;
				CLANG_WARN_UNREACHABLE_CODE = YES;
				CLANG_WARN__DUPLICATE_METHOD_MATCH = YES;
				CODE_SIGN_IDENTITY = "iPhone Developer";
				COPY_PHASE_STRIP = NO;
				DEBUG_INFORMATION_FORMAT = "dwarf-with-dsym";
				ENABLE_NS_ASSERTIONS = NO;
				ENABLE_STRICT_OBJC_MSGSEND = YES;
				GCC_C_LANGUAGE_STANDARD = gnu11;
				GCC_NO_COMMON_BLOCKS = YES;
				GCC_WARN_64_TO_32_BIT_CONVERSION = YES;
				GCC_WARN_ABOUT_RETURN_TYPE = YES_ERROR;
				GCC_WARN_UNDECLARED_SELECTOR = YES;
				GCC_WARN_UNINITIALIZED_AUTOS = YES_AGGRESSIVE;
				GCC_WARN_UNUSED_FUNCTION = YES;
				GCC_WARN_UNUSED_VARIABLE = YES;
				IPHONEOS_DEPLOYMENT_TARGET = 11.2;
				MTL_ENABLE_DEBUG_INFO = NO;
				SDKROOT = iphoneos;
				SWIFT_OPTIMIZATION_LEVEL = "-Owholemodule";
				VALIDATE_PRODUCT = YES;
			};
			name = Release;
		};
		4728FE6D2031E0FD00A08C69 /* Debug */ = {
			isa = XCBuildConfiguration;
			baseConfigurationReference = AECEFA18832B30DF8F6E2930 /* Pods-MovieBrowser.debug.xcconfig */;
			buildSettings = {
				API_IMG_URL_ENDPOINT = "https://image.tmdb.org/t/p/w600_and_h900_bestv2";
				API_KEY = abd05d8d1150697600087b20710b5376;
				API_READ_ACCESS_TOKEN = "eyJ0eXAiOiJKV1QiLCJhbGciOiJIUzI1NiJ9.eyJhdWQiOiJhYmQwNWQ4ZDExNTA2OTc2MDAwODdiMjA3MTBiNTM3NiIsInN1YiI6IjVhODFiMzc5YzNhMzY4MTg5MzAzNzQ5ZSIsInNjb3BlcyI6WyJhcGlfcmVhZCJdLCJ2ZXJzaW9uIjoxfQ.ysrEd14oW-FbknVZcM4NET4-Z7bJc_vauzYS1vuJtHY";
				API_URL_ENDPOINT = "https://api.themoviedb.org/";
				ASSETCATALOG_COMPILER_APPICON_NAME = AppIcon;
				CODE_SIGN_STYLE = Automatic;
				DEVELOPMENT_TEAM = 89PDLFZZQF;
				INFOPLIST_FILE = MovieBrowser/Info.plist;
				IPHONEOS_DEPLOYMENT_TARGET = 10.0;
				LD_RUNPATH_SEARCH_PATHS = "$(inherited) @executable_path/Frameworks";
				PRODUCT_BUNDLE_IDENTIFIER = com.jeet.MovieBrowser;
				PRODUCT_NAME = "$(TARGET_NAME)";
				SWIFT_VERSION = 4.0;
				TARGETED_DEVICE_FAMILY = "1,2";
			};
			name = Debug;
		};
		4728FE6E2031E0FD00A08C69 /* Release */ = {
			isa = XCBuildConfiguration;
			baseConfigurationReference = 431E3D179EE1435F23158C2A /* Pods-MovieBrowser.release.xcconfig */;
			buildSettings = {
				API_IMG_URL_ENDPOINT = "https://image.tmdb.org/t/p/w600_and_h900_bestv2";
				API_KEY = abd05d8d1150697600087b20710b5376;
				API_READ_ACCESS_TOKEN = "eyJ0eXAiOiJKV1QiLCJhbGciOiJIUzI1NiJ9.eyJhdWQiOiJhYmQwNWQ4ZDExNTA2OTc2MDAwODdiMjA3MTBiNTM3NiIsInN1YiI6IjVhODFiMzc5YzNhMzY4MTg5MzAzNzQ5ZSIsInNjb3BlcyI6WyJhcGlfcmVhZCJdLCJ2ZXJzaW9uIjoxfQ.ysrEd14oW-FbknVZcM4NET4-Z7bJc_vauzYS1vuJtHY";
				API_URL_ENDPOINT = "https://api.themoviedb.org/";
				ASSETCATALOG_COMPILER_APPICON_NAME = AppIcon;
				CODE_SIGN_STYLE = Automatic;
				DEVELOPMENT_TEAM = 89PDLFZZQF;
				INFOPLIST_FILE = MovieBrowser/Info.plist;
				IPHONEOS_DEPLOYMENT_TARGET = 10.0;
				LD_RUNPATH_SEARCH_PATHS = "$(inherited) @executable_path/Frameworks";
				PRODUCT_BUNDLE_IDENTIFIER = com.jeet.MovieBrowser;
				PRODUCT_NAME = "$(TARGET_NAME)";
				SWIFT_VERSION = 4.0;
				TARGETED_DEVICE_FAMILY = "1,2";
			};
			name = Release;
		};
		4728FE6F2031EA1C00A08C69 /* Dev */ = {
			isa = XCBuildConfiguration;
			buildSettings = {
				ALWAYS_SEARCH_USER_PATHS = NO;
				CLANG_ANALYZER_NONNULL = YES;
				CLANG_ANALYZER_NUMBER_OBJECT_CONVERSION = YES_AGGRESSIVE;
				CLANG_CXX_LANGUAGE_STANDARD = "gnu++14";
				CLANG_CXX_LIBRARY = "libc++";
				CLANG_ENABLE_MODULES = YES;
				CLANG_ENABLE_OBJC_ARC = YES;
				CLANG_WARN_BLOCK_CAPTURE_AUTORELEASING = YES;
				CLANG_WARN_BOOL_CONVERSION = YES;
				CLANG_WARN_COMMA = YES;
				CLANG_WARN_CONSTANT_CONVERSION = YES;
				CLANG_WARN_DIRECT_OBJC_ISA_USAGE = YES_ERROR;
				CLANG_WARN_DOCUMENTATION_COMMENTS = YES;
				CLANG_WARN_EMPTY_BODY = YES;
				CLANG_WARN_ENUM_CONVERSION = YES;
				CLANG_WARN_INFINITE_RECURSION = YES;
				CLANG_WARN_INT_CONVERSION = YES;
				CLANG_WARN_NON_LITERAL_NULL_CONVERSION = YES;
				CLANG_WARN_OBJC_LITERAL_CONVERSION = YES;
				CLANG_WARN_OBJC_ROOT_CLASS = YES_ERROR;
				CLANG_WARN_RANGE_LOOP_ANALYSIS = YES;
				CLANG_WARN_STRICT_PROTOTYPES = YES;
				CLANG_WARN_SUSPICIOUS_MOVE = YES;
				CLANG_WARN_UNGUARDED_AVAILABILITY = YES_AGGRESSIVE;
				CLANG_WARN_UNREACHABLE_CODE = YES;
				CLANG_WARN__DUPLICATE_METHOD_MATCH = YES;
				CODE_SIGN_IDENTITY = "iPhone Developer";
				COPY_PHASE_STRIP = NO;
				DEBUG_INFORMATION_FORMAT = dwarf;
				ENABLE_STRICT_OBJC_MSGSEND = YES;
				ENABLE_TESTABILITY = YES;
				GCC_C_LANGUAGE_STANDARD = gnu11;
				GCC_DYNAMIC_NO_PIC = NO;
				GCC_NO_COMMON_BLOCKS = YES;
				GCC_OPTIMIZATION_LEVEL = 0;
				GCC_PREPROCESSOR_DEFINITIONS = (
					"DEBUG=1",
					"$(inherited)",
				);
				GCC_WARN_64_TO_32_BIT_CONVERSION = YES;
				GCC_WARN_ABOUT_RETURN_TYPE = YES_ERROR;
				GCC_WARN_UNDECLARED_SELECTOR = YES;
				GCC_WARN_UNINITIALIZED_AUTOS = YES_AGGRESSIVE;
				GCC_WARN_UNUSED_FUNCTION = YES;
				GCC_WARN_UNUSED_VARIABLE = YES;
				IPHONEOS_DEPLOYMENT_TARGET = 11.2;
				MTL_ENABLE_DEBUG_INFO = YES;
				ONLY_ACTIVE_ARCH = YES;
				SDKROOT = iphoneos;
				SWIFT_ACTIVE_COMPILATION_CONDITIONS = DEBUG;
				SWIFT_OPTIMIZATION_LEVEL = "-Onone";
			};
			name = Dev;
		};
		4728FE702031EA1C00A08C69 /* Dev */ = {
			isa = XCBuildConfiguration;
			baseConfigurationReference = DB366C33CCD3B2033BB69480 /* Pods-MovieBrowser.dev.xcconfig */;
			buildSettings = {
				API_IMG_URL_ENDPOINT = "https://image.tmdb.org/t/p/w600_and_h900_bestv2";
				API_KEY = abd05d8d1150697600087b20710b5376;
				API_READ_ACCESS_TOKEN = "eyJ0eXAiOiJKV1QiLCJhbGciOiJIUzI1NiJ9.eyJhdWQiOiJhYmQwNWQ4ZDExNTA2OTc2MDAwODdiMjA3MTBiNTM3NiIsInN1YiI6IjVhODFiMzc5YzNhMzY4MTg5MzAzNzQ5ZSIsInNjb3BlcyI6WyJhcGlfcmVhZCJdLCJ2ZXJzaW9uIjoxfQ.ysrEd14oW-FbknVZcM4NET4-Z7bJc_vauzYS1vuJtHY";
				API_URL_ENDPOINT = "https://api.themoviedb.org/";
				ASSETCATALOG_COMPILER_APPICON_NAME = AppIcon;
				CODE_SIGN_STYLE = Automatic;
				DEVELOPMENT_TEAM = 89PDLFZZQF;
				INFOPLIST_FILE = MovieBrowser/Info.plist;
				IPHONEOS_DEPLOYMENT_TARGET = 10.0;
				LD_RUNPATH_SEARCH_PATHS = "$(inherited) @executable_path/Frameworks";
				PRODUCT_BUNDLE_IDENTIFIER = com.jeet.MovieBrowser;
				PRODUCT_NAME = "$(TARGET_NAME)";
				SWIFT_VERSION = 4.0;
				TARGETED_DEVICE_FAMILY = "1,2";
			};
			name = Dev;
		};
		4728FE732031EA3400A08C69 /* UAT */ = {
			isa = XCBuildConfiguration;
			buildSettings = {
				ALWAYS_SEARCH_USER_PATHS = NO;
				CLANG_ANALYZER_NONNULL = YES;
				CLANG_ANALYZER_NUMBER_OBJECT_CONVERSION = YES_AGGRESSIVE;
				CLANG_CXX_LANGUAGE_STANDARD = "gnu++14";
				CLANG_CXX_LIBRARY = "libc++";
				CLANG_ENABLE_MODULES = YES;
				CLANG_ENABLE_OBJC_ARC = YES;
				CLANG_WARN_BLOCK_CAPTURE_AUTORELEASING = YES;
				CLANG_WARN_BOOL_CONVERSION = YES;
				CLANG_WARN_COMMA = YES;
				CLANG_WARN_CONSTANT_CONVERSION = YES;
				CLANG_WARN_DIRECT_OBJC_ISA_USAGE = YES_ERROR;
				CLANG_WARN_DOCUMENTATION_COMMENTS = YES;
				CLANG_WARN_EMPTY_BODY = YES;
				CLANG_WARN_ENUM_CONVERSION = YES;
				CLANG_WARN_INFINITE_RECURSION = YES;
				CLANG_WARN_INT_CONVERSION = YES;
				CLANG_WARN_NON_LITERAL_NULL_CONVERSION = YES;
				CLANG_WARN_OBJC_LITERAL_CONVERSION = YES;
				CLANG_WARN_OBJC_ROOT_CLASS = YES_ERROR;
				CLANG_WARN_RANGE_LOOP_ANALYSIS = YES;
				CLANG_WARN_STRICT_PROTOTYPES = YES;
				CLANG_WARN_SUSPICIOUS_MOVE = YES;
				CLANG_WARN_UNGUARDED_AVAILABILITY = YES_AGGRESSIVE;
				CLANG_WARN_UNREACHABLE_CODE = YES;
				CLANG_WARN__DUPLICATE_METHOD_MATCH = YES;
				CODE_SIGN_IDENTITY = "iPhone Developer";
				COPY_PHASE_STRIP = NO;
				DEBUG_INFORMATION_FORMAT = dwarf;
				ENABLE_STRICT_OBJC_MSGSEND = YES;
				ENABLE_TESTABILITY = YES;
				GCC_C_LANGUAGE_STANDARD = gnu11;
				GCC_DYNAMIC_NO_PIC = NO;
				GCC_NO_COMMON_BLOCKS = YES;
				GCC_OPTIMIZATION_LEVEL = 0;
				GCC_PREPROCESSOR_DEFINITIONS = (
					"DEBUG=1",
					"$(inherited)",
				);
				GCC_WARN_64_TO_32_BIT_CONVERSION = YES;
				GCC_WARN_ABOUT_RETURN_TYPE = YES_ERROR;
				GCC_WARN_UNDECLARED_SELECTOR = YES;
				GCC_WARN_UNINITIALIZED_AUTOS = YES_AGGRESSIVE;
				GCC_WARN_UNUSED_FUNCTION = YES;
				GCC_WARN_UNUSED_VARIABLE = YES;
				IPHONEOS_DEPLOYMENT_TARGET = 11.2;
				MTL_ENABLE_DEBUG_INFO = YES;
				ONLY_ACTIVE_ARCH = YES;
				SDKROOT = iphoneos;
				SWIFT_ACTIVE_COMPILATION_CONDITIONS = DEBUG;
				SWIFT_OPTIMIZATION_LEVEL = "-Onone";
			};
			name = UAT;
		};
		4728FE742031EA3400A08C69 /* UAT */ = {
			isa = XCBuildConfiguration;
			baseConfigurationReference = 365436B59A1F87FCA3FBED94 /* Pods-MovieBrowser.uat.xcconfig */;
			buildSettings = {
				API_IMG_URL_ENDPOINT = "https://image.tmdb.org/t/p/w600_and_h900_bestv2";
				API_KEY = abd05d8d1150697600087b20710b5376;
				API_READ_ACCESS_TOKEN = "eyJ0eXAiOiJKV1QiLCJhbGciOiJIUzI1NiJ9.eyJhdWQiOiJhYmQwNWQ4ZDExNTA2OTc2MDAwODdiMjA3MTBiNTM3NiIsInN1YiI6IjVhODFiMzc5YzNhMzY4MTg5MzAzNzQ5ZSIsInNjb3BlcyI6WyJhcGlfcmVhZCJdLCJ2ZXJzaW9uIjoxfQ.ysrEd14oW-FbknVZcM4NET4-Z7bJc_vauzYS1vuJtHY";
				API_URL_ENDPOINT = "https://api.themoviedb.org/";
				ASSETCATALOG_COMPILER_APPICON_NAME = AppIcon;
				CODE_SIGN_STYLE = Automatic;
				DEVELOPMENT_TEAM = 89PDLFZZQF;
				INFOPLIST_FILE = MovieBrowser/Info.plist;
				IPHONEOS_DEPLOYMENT_TARGET = 10.0;
				LD_RUNPATH_SEARCH_PATHS = "$(inherited) @executable_path/Frameworks";
				PRODUCT_BUNDLE_IDENTIFIER = com.jeet.MovieBrowser;
				PRODUCT_NAME = "$(TARGET_NAME)";
				SWIFT_VERSION = 4.0;
				TARGETED_DEVICE_FAMILY = "1,2";
			};
			name = UAT;
		};
/* End XCBuildConfiguration section */

/* Begin XCConfigurationList section */
		4728FE552031E0FC00A08C69 /* Build configuration list for PBXProject "MovieBrowser" */ = {
			isa = XCConfigurationList;
			buildConfigurations = (
				4728FE6A2031E0FD00A08C69 /* Debug */,
				4728FE732031EA3400A08C69 /* UAT */,
				4728FE6F2031EA1C00A08C69 /* Dev */,
				4728FE6B2031E0FD00A08C69 /* Release */,
			);
			defaultConfigurationIsVisible = 0;
			defaultConfigurationName = Release;
		};
		4728FE6C2031E0FD00A08C69 /* Build configuration list for PBXNativeTarget "MovieBrowser" */ = {
			isa = XCConfigurationList;
			buildConfigurations = (
				4728FE6D2031E0FD00A08C69 /* Debug */,
				4728FE742031EA3400A08C69 /* UAT */,
				4728FE702031EA1C00A08C69 /* Dev */,
				4728FE6E2031E0FD00A08C69 /* Release */,
			);
			defaultConfigurationIsVisible = 0;
			defaultConfigurationName = Release;
		};
/* End XCConfigurationList section */
	};
	rootObject = 4728FE522031E0FC00A08C69 /* Project object */;
}
